
Microsoft Visual Studio Solution File, Format Version 12.00
# Visual Studio Version 17
VisualStudioVersion = 17.14.37203.1 d17.14
MinimumVisualStudioVersion = 10.0.40219.1
Project("{FAE04EC0-301F-11D3-BF4B-00C04F79EFBC}") = "AppCajaBack", "AppCajaBack\AppCajaBack.csproj", "{8F981D07-5B56-4321-BDDD-07DDCD93D3EF}"
EndProject
Global
	GlobalSection(SolutionConfigurationPlatforms) = preSolution
		Debug|Any CPU = Debug|Any CPU
		Release|Any CPU = Release|Any CPU
	EndGlobalSection
	GlobalSection(ProjectConfigurationPlatforms) = postSolution
		{8F981D07-5B56-4321-BDDD-07DDCD93D3EF}.Debug|Any CPU.ActiveCfg = Debug|Any CPU
		{8F981D07-5B56-4321-BDDD-07DDCD93D3EF}.Debug|Any CPU.Build.0 = Debug|Any CPU
		{8F981D07-5B56-4321-BDDD-07DDCD93D3EF}.Release|Any CPU.ActiveCfg = Release|Any CPU
		{8F981D07-5B56-4321-BDDD-07DDCD93D3EF}.Release|Any CPU.Build.0 = Release|Any CPU
	EndGlobalSection
	GlobalSection(SolutionProperties) = preSolution
		HideSolutionNode = FALSE
	EndGlobalSection
	GlobalSection(ExtensibilityGlobals) = postSolution
		SolutionGuid = {EFAB95DC-166B-4BC3-8478-CFFB1BA08C77}
	EndGlobalSection
EndGlobal
